
Microsoft Visual Studio Solution File, Format Version 12.00
# Visual Studio 15
VisualStudioVersion = 15.0.26124.0
MinimumVisualStudioVersion = 15.0.26124.0
Project("{2150E333-8FDC-42A3-9474-1A3956D46DE8}") = "src", "src", "{C0B3291C-FA48-4320-9C4B-D2F88790A97A}"
EndProject
Project("{FAE04EC0-301F-11D3-BF4B-00C04F79EFBC}") = "RP.Core", "src\RP.Core\RP.Core.csproj", "{89D4ED8C-B4E8-449D-99B8-65A55D144CD9}"
EndProject
Project("{2150E333-8FDC-42A3-9474-1A3956D46DE8}") = "tests", "tests", "{AA680D9E-A826-4C0A-8C6F-25D7FFDFBB56}"
EndProject
Project("{FAE04EC0-301F-11D3-BF4B-00C04F79EFBC}") = "RP.Tests", "tests\RP.Tests\RP.Tests.csproj", "{5E435A93-5B20-48B3-863F-30D11B380CE5}"
EndProject
Global
	GlobalSection(SolutionConfigurationPlatforms) = preSolution
		Debug|Any CPU = Debug|Any CPU
		Debug|x64 = Debug|x64
		Debug|x86 = Debug|x86
		Release|Any CPU = Release|Any CPU
		Release|x64 = Release|x64
		Release|x86 = Release|x86
	EndGlobalSection
	GlobalSection(SolutionProperties) = preSolution
		HideSolutionNode = FALSE
	EndGlobalSection
	GlobalSection(ProjectConfigurationPlatforms) = postSolution
		{89D4ED8C-B4E8-449D-99B8-65A55D144CD9}.Debug|Any CPU.ActiveCfg = Debug|Any CPU
		{89D4ED8C-B4E8-449D-99B8-65A55D144CD9}.Debug|Any CPU.Build.0 = Debug|Any CPU
		{89D4ED8C-B4E8-449D-99B8-65A55D144CD9}.Debug|x64.ActiveCfg = Debug|Any CPU
		{89D4ED8C-B4E8-449D-99B8-65A55D144CD9}.Debug|x64.Build.0 = Debug|Any CPU
		{89D4ED8C-B4E8-449D-99B8-65A55D144CD9}.Debug|x86.ActiveCfg = Debug|Any CPU
		{89D4ED8C-B4E8-449D-99B8-65A55D144CD9}.Debug|x86.Build.0 = Debug|Any CPU
		{89D4ED8C-B4E8-449D-99B8-65A55D144CD9}.Release|Any CPU.ActiveCfg = Release|Any CPU
		{89D4ED8C-B4E8-449D-99B8-65A55D144CD9}.Release|Any CPU.Build.0 = Release|Any CPU
		{89D4ED8C-B4E8-449D-99B8-65A55D144CD9}.Release|x64.ActiveCfg = Release|Any CPU
		{89D4ED8C-B4E8-449D-99B8-65A55D144CD9}.Release|x64.Build.0 = Release|Any CPU
		{89D4ED8C-B4E8-449D-99B8-65A55D144CD9}.Release|x86.ActiveCfg = Release|Any CPU
		{89D4ED8C-B4E8-449D-99B8-65A55D144CD9}.Release|x86.Build.0 = Release|Any CPU
		{5E435A93-5B20-48B3-863F-30D11B380CE5}.Debug|Any CPU.ActiveCfg = Debug|Any CPU
		{5E435A93-5B20-48B3-863F-30D11B380CE5}.Debug|Any CPU.Build.0 = Debug|Any CPU
		{5E435A93-5B20-48B3-863F-30D11B380CE5}.Debug|x64.ActiveCfg = Debug|Any CPU
		{5E435A93-5B20-48B3-863F-30D11B380CE5}.Debug|x64.Build.0 = Debug|Any CPU
		{5E435A93-5B20-48B3-863F-30D11B380CE5}.Debug|x86.ActiveCfg = Debug|Any CPU
		{5E435A93-5B20-48B3-863F-30D11B380CE5}.Debug|x86.Build.0 = Debug|Any CPU
		{5E435A93-5B20-48B3-863F-30D11B380CE5}.Release|Any CPU.ActiveCfg = Release|Any CPU
		{5E435A93-5B20-48B3-863F-30D11B380CE5}.Release|Any CPU.Build.0 = Release|Any CPU
		{5E435A93-5B20-48B3-863F-30D11B380CE5}.Release|x64.ActiveCfg = Release|Any CPU
		{5E435A93-5B20-48B3-863F-30D11B380CE5}.Release|x64.Build.0 = Release|Any CPU
		{5E435A93-5B20-48B3-863F-30D11B380CE5}.Release|x86.ActiveCfg = Release|Any CPU
		{5E435A93-5B20-48B3-863F-30D11B380CE5}.Release|x86.Build.0 = Release|Any CPU
	EndGlobalSection
	GlobalSection(NestedProjects) = preSolution
		{89D4ED8C-B4E8-449D-99B8-65A55D144CD9} = {C0B3291C-FA48-4320-9C4B-D2F88790A97A}
		{5E435A93-5B20-48B3-863F-30D11B380CE5} = {AA680D9E-A826-4C0A-8C6F-25D7FFDFBB56}
	EndGlobalSection
EndGlobal
